<?xml version="1.0" encoding="utf-8"?>
<Project ToolsVersion="4.0" xmlns="http://schemas.microsoft.com/developer/msbuild/2003">
  <ItemGroup>
    <Filter Include="submodules">
      <UniqueIdentifier>{48444C85-34FC-8DD2-9D03-672E89DA28C3}</UniqueIdentifier>
    </Filter>
    <Filter Include="submodules\detours">
      <UniqueIdentifier>{DDDD3048-C9C1-F19D-3222-ECF01E25DC1F}</UniqueIdentifier>
    </Filter>
    <Filter Include="submodules\detours\src">
      <UniqueIdentifier>{7442128F-603C-3BE1-49A9-D1F13542A14D}</UniqueIdentifier>
    </Filter>
  </ItemGroup>
  <ItemGroup>
    <ClInclude Include="..\..\submodules\detours\src\detours.h">
      <Filter>submodules\detours\src</Filter>
    </ClInclude>
    <ClInclude Include="..\..\submodules\detours\src\detver.h">
      <Filter>submodules\detours\src</Filter>
    </ClInclude>
    <ClInclude Include="dumper.h" />
    <ClInclude Include="signatures.h" />
  </ItemGroup>
  <ItemGroup>
    <ClCompile Include="..\..\submodules\detours\src\creatwth.cpp">
      <Filter>submodules\detours\src</Filter>
    </ClCompile>
    <ClCompile Include="..\..\submodules\detours\src\detours.cpp">
      <Filter>submodules\detours\src</Filter>
    </ClCompile>
    <ClCompile Include="..\..\submodules\detours\src\disasm.cpp">
      <Filter>submodules\detours\src</Filter>
    </ClCompile>
    <ClCompile Include="..\..\submodules\detours\src\disolarm.cpp">
      <Filter>submodules\detours\src</Filter>
    </ClCompile>
    <ClCompile Include="..\..\submodules\detours\src\disolarm64.cpp">
      <Filter>submodules\detours\src</Filter>
    </ClCompile>
    <ClCompile Include="..\..\submodules\detours\src\disolia64.cpp">
      <Filter>submodules\detours\src</Filter>
    </ClCompile>
    <ClCompile Include="..\..\submodules\detours\src\disolx64.cpp">
      <Filter>submodules\detours\src</Filter>
    </ClCompile>
    <ClCompile Include="..\..\submodules\detours\src\disolx86.cpp">
      <Filter>submodules\detours\src</Filter>
    </ClCompile>
    <ClCompile Include="..\..\submodules\detours\src\image.cpp">
      <Filter>submodules\detours\src</Filter>
    </ClCompile>
    <ClCompile Include="..\..\submodules\detours\src\modules.cpp">
      <Filter>submodules\detours\src</Filter>
    </ClCompile>
    <ClCompile Include="..\..\submodules\detours\src\uimports.cpp">
      <Filter>submodules\detours\src</Filter>
    </ClCompile>
    <ClCompile Include="dllmain.cpp" />
    <ClCompile Include="dumper.cpp" />
  </ItemGroup>
</Project>